
Microsoft Visual Studio Solution File, Format Version 12.00
# Visual Studio Version 16
VisualStudioVersion = 16.0.30011.22
MinimumVisualStudioVersion = 10.0.40219.1
Project("{9A19103F-16F7-4668-BE54-9A1E7A4F7556}") = "boringframework-blazor", "boringframework-blazor.csproj", "{F729A9A1-6D8E-45F8-BA8E-E5533B10913C}"
EndProject
Global
	GlobalSection(SolutionConfigurationPlatforms) = preSolution
		Debug|Any CPU = Debug|Any CPU
		Release|Any CPU = Release|Any CPU
	EndGlobalSection
	GlobalSection(ProjectConfigurationPlatforms) = postSolution
		{F729A9A1-6D8E-45F8-BA8E-E5533B10913C}.Debug|Any CPU.ActiveCfg = Debug|Any CPU
		{F729A9A1-6D8E-45F8-BA8E-E5533B10913C}.Debug|Any CPU.Build.0 = Debug|Any CPU
		{F729A9A1-6D8E-45F8-BA8E-E5533B10913C}.Release|Any CPU.ActiveCfg = Release|Any CPU
		{F729A9A1-6D8E-45F8-BA8E-E5533B10913C}.Release|Any CPU.Build.0 = Release|Any CPU
	EndGlobalSection
	GlobalSection(SolutionProperties) = preSolution
		HideSolutionNode = FALSE
	EndGlobalSection
	GlobalSection(ExtensibilityGlobals) = postSolution
		SolutionGuid = {D3567E8F-C44E-4F33-8F01-7CC79A08BDB4}
	EndGlobalSection
EndGlobal
